
Microsoft Visual Studio Solution File, Format Version 12.00
# Visual Studio Version 17
VisualStudioVersion = 17.1.32210.238
MinimumVisualStudioVersion = 10.0.40219.1
Project("{8BC9CEB8-8B4A-11D0-8D11-00A0C91BC942}") = "SandBox", "SandBox\SandBox.vcxproj", "{55E68D93-47AC-4A19-B7A8-5BC0062746BA}"
EndProject
Project("{8BC9CEB8-8B4A-11D0-8D11-00A0C91BC942}") = "Lluna", "Lluna\Lluna.vcxproj", "{E8164448-3B6B-4909-B509-E8712C73C6E7}"
EndProject
Global
	GlobalSection(SolutionConfigurationPlatforms) = preSolution
		Debug|x64 = Debug|x64
		Release|x64 = Release|x64
	EndGlobalSection
	GlobalSection(ProjectConfigurationPlatforms) = postSolution
		{E8164448-3B6B-4909-B509-E8712C73C6E7}.Debug|x64.ActiveCfg = Debug|x64
		{E8164448-3B6B-4909-B509-E8712C73C6E7}.Debug|x64.Build.0 = Debug|x64
		{E8164448-3B6B-4909-B509-E8712C73C6E7}.Release|x64.ActiveCfg = Release|x64
		{E8164448-3B6B-4909-B509-E8712C73C6E7}.Release|x64.Build.0 = Release|x64
		{55E68D93-47AC-4A19-B7A8-5BC0062746BA}.Debug|x64.ActiveCfg = Debug|x64
		{55E68D93-47AC-4A19-B7A8-5BC0062746BA}.Debug|x64.Build.0 = Debug|x64
		{55E68D93-47AC-4A19-B7A8-5BC0062746BA}.Release|x64.ActiveCfg = Release|x64
		{55E68D93-47AC-4A19-B7A8-5BC0062746BA}.Release|x64.Build.0 = Release|x64
	EndGlobalSection
	GlobalSection(SolutionProperties) = preSolution
		HideSolutionNode = FALSE
	EndGlobalSection
	GlobalSection(ExtensibilityGlobals) = postSolution
		SolutionGuid = {54FEB91C-C688-4BC7-90DF-C33A84217F11}
	EndGlobalSection
EndGlobal
